
Microsoft Visual Studio Solution File, Format Version 12.00
Project("{2150E333-8FDC-42A3-9474-1A3956D46DE8}") = "source", "source", "{79B3FBAF-B78E-4024-94C5-708314C8BE3A}"
EndProject
Project("{FAE04EC0-301F-11D3-BF4B-00C04F79EFBC}") = "Boxes", "source\Boxes\Boxes.csproj", "{F31453A0-CD56-4CC0-82F1-6EFA4E87F72B}"
EndProject
Project("{2150E333-8FDC-42A3-9474-1A3956D46DE8}") = "tests", "tests", "{A909E685-67A8-44BB-B52C-C54DD6CDB729}"
EndProject
Project("{FAE04EC0-301F-11D3-BF4B-00C04F79EFBC}") = "Boxes.Tests", "tests\Boxes.Tests\Boxes.Tests.csproj", "{63E1B9E2-93D8-4080-964A-0202C492D505}"
EndProject
Project("{2150E333-8FDC-42A3-9474-1A3956D46DE8}") = "benchmarks", "benchmarks", "{866A900B-34EF-4C8E-BC54-9CF3C4885FAD}"
EndProject
Project("{FAE04EC0-301F-11D3-BF4B-00C04F79EFBC}") = "Boxes.Benchmarks", "benchmarks\Boxes.Benchmarks\Boxes.Benchmarks.csproj", "{8825C85C-D2A7-4D3F-AEDB-3493CF61C72F}"
EndProject
Global
	GlobalSection(SolutionConfigurationPlatforms) = preSolution
		Debug|Any CPU = Debug|Any CPU
		Release|Any CPU = Release|Any CPU
	EndGlobalSection
	GlobalSection(ProjectConfigurationPlatforms) = postSolution
		{F31453A0-CD56-4CC0-82F1-6EFA4E87F72B}.Debug|Any CPU.ActiveCfg = Debug|Any CPU
		{F31453A0-CD56-4CC0-82F1-6EFA4E87F72B}.Debug|Any CPU.Build.0 = Debug|Any CPU
		{F31453A0-CD56-4CC0-82F1-6EFA4E87F72B}.Release|Any CPU.ActiveCfg = Release|Any CPU
		{F31453A0-CD56-4CC0-82F1-6EFA4E87F72B}.Release|Any CPU.Build.0 = Release|Any CPU
		{63E1B9E2-93D8-4080-964A-0202C492D505}.Debug|Any CPU.ActiveCfg = Debug|Any CPU
		{63E1B9E2-93D8-4080-964A-0202C492D505}.Debug|Any CPU.Build.0 = Debug|Any CPU
		{63E1B9E2-93D8-4080-964A-0202C492D505}.Release|Any CPU.ActiveCfg = Release|Any CPU
		{63E1B9E2-93D8-4080-964A-0202C492D505}.Release|Any CPU.Build.0 = Release|Any CPU
		{8825C85C-D2A7-4D3F-AEDB-3493CF61C72F}.Debug|Any CPU.ActiveCfg = Debug|Any CPU
		{8825C85C-D2A7-4D3F-AEDB-3493CF61C72F}.Debug|Any CPU.Build.0 = Debug|Any CPU
		{8825C85C-D2A7-4D3F-AEDB-3493CF61C72F}.Release|Any CPU.ActiveCfg = Release|Any CPU
		{8825C85C-D2A7-4D3F-AEDB-3493CF61C72F}.Release|Any CPU.Build.0 = Release|Any CPU
	EndGlobalSection
	GlobalSection(NestedProjects) = preSolution
		{F31453A0-CD56-4CC0-82F1-6EFA4E87F72B} = {79B3FBAF-B78E-4024-94C5-708314C8BE3A}
		{63E1B9E2-93D8-4080-964A-0202C492D505} = {A909E685-67A8-44BB-B52C-C54DD6CDB729}
		{8825C85C-D2A7-4D3F-AEDB-3493CF61C72F} = {866A900B-34EF-4C8E-BC54-9CF3C4885FAD}
	EndGlobalSection
EndGlobal
